
Microsoft Visual Studio Solution File, Format Version 12.00
# Visual Studio 15
VisualStudioVersion = 15.0.28307.329
MinimumVisualStudioVersion = 10.0.40219.1
Project("{FAE04EC0-301F-11D3-BF4B-00C04F79EFBC}") = "FarMan", "FarMan\FarMan.csproj", "{12E0804F-2BFA-40AF-899C-528E1204DCE2}"
EndProject
Global
	GlobalSection(SolutionConfigurationPlatforms) = preSolution
		Debug|Any CPU = Debug|Any CPU
		Release|Any CPU = Release|Any CPU
	EndGlobalSection
	GlobalSection(ProjectConfigurationPlatforms) = postSolution
		{12E0804F-2BFA-40AF-899C-528E1204DCE2}.Debug|Any CPU.ActiveCfg = Debug|Any CPU
		{12E0804F-2BFA-40AF-899C-528E1204DCE2}.Debug|Any CPU.Build.0 = Debug|Any CPU
		{12E0804F-2BFA-40AF-899C-528E1204DCE2}.Release|Any CPU.ActiveCfg = Release|Any CPU
		{12E0804F-2BFA-40AF-899C-528E1204DCE2}.Release|Any CPU.Build.0 = Release|Any CPU
	EndGlobalSection
	GlobalSection(SolutionProperties) = preSolution
		HideSolutionNode = FALSE
	EndGlobalSection
	GlobalSection(ExtensibilityGlobals) = postSolution
		SolutionGuid = {603A649E-3D52-4D88-B9BB-2E0D3AA282EC}
	EndGlobalSection
EndGlobal
