
Microsoft Visual Studio Solution File, Format Version 12.00
# Visual Studio 15
VisualStudioVersion = 15.0.28307.329
MinimumVisualStudioVersion = 10.0.40219.1
Project("{FAE04EC0-301F-11D3-BF4B-00C04F79EFBC}") = "Task4", "Task4\Task4.csproj", "{49BA0504-D3D3-491E-81B2-E7A7103133FC}"
EndProject
Global
	GlobalSection(SolutionConfigurationPlatforms) = preSolution
		Debug|Any CPU = Debug|Any CPU
		Release|Any CPU = Release|Any CPU
	EndGlobalSection
	GlobalSection(ProjectConfigurationPlatforms) = postSolution
		{49BA0504-D3D3-491E-81B2-E7A7103133FC}.Debug|Any CPU.ActiveCfg = Debug|Any CPU
		{49BA0504-D3D3-491E-81B2-E7A7103133FC}.Debug|Any CPU.Build.0 = Debug|Any CPU
		{49BA0504-D3D3-491E-81B2-E7A7103133FC}.Release|Any CPU.ActiveCfg = Release|Any CPU
		{49BA0504-D3D3-491E-81B2-E7A7103133FC}.Release|Any CPU.Build.0 = Release|Any CPU
	EndGlobalSection
	GlobalSection(SolutionProperties) = preSolution
		HideSolutionNode = FALSE
	EndGlobalSection
	GlobalSection(ExtensibilityGlobals) = postSolution
		SolutionGuid = {55F8521A-3D2C-43A9-AA97-991A77CB3CD9}
	EndGlobalSection
EndGlobal
