
Microsoft Visual Studio Solution File, Format Version 12.00
# Visual Studio 15
VisualStudioVersion = 15.0.28307.329
MinimumVisualStudioVersion = 10.0.40219.1
Project("{FAE04EC0-301F-11D3-BF4B-00C04F79EFBC}") = "Task1", "Task1\Task1.csproj", "{023AA5C1-D594-46EB-AD6E-F20702EB7A33}"
EndProject
Global
	GlobalSection(SolutionConfigurationPlatforms) = preSolution
		Debug|Any CPU = Debug|Any CPU
		Release|Any CPU = Release|Any CPU
	EndGlobalSection
	GlobalSection(ProjectConfigurationPlatforms) = postSolution
		{023AA5C1-D594-46EB-AD6E-F20702EB7A33}.Debug|Any CPU.ActiveCfg = Debug|Any CPU
		{023AA5C1-D594-46EB-AD6E-F20702EB7A33}.Debug|Any CPU.Build.0 = Debug|Any CPU
		{023AA5C1-D594-46EB-AD6E-F20702EB7A33}.Release|Any CPU.ActiveCfg = Release|Any CPU
		{023AA5C1-D594-46EB-AD6E-F20702EB7A33}.Release|Any CPU.Build.0 = Release|Any CPU
	EndGlobalSection
	GlobalSection(SolutionProperties) = preSolution
		HideSolutionNode = FALSE
	EndGlobalSection
	GlobalSection(ExtensibilityGlobals) = postSolution
		SolutionGuid = {55B78CE7-45DF-4A69-A709-EDE8DB2BD2A6}
	EndGlobalSection
EndGlobal
